
Microsoft Visual Studio Solution File, Format Version 12.00
# Visual Studio Version 17
VisualStudioVersion = 17.5.33414.496
MinimumVisualStudioVersion = 10.0.40219.1
Project("{FAE04EC0-301F-11D3-BF4B-00C04F79EFBC}") = "DfGame.Core", "DfGame.Core\DfGame.Core.csproj", "{B987B1D3-2222-49B3-9071-0DD0EA235844}"
EndProject
Global
	GlobalSection(SolutionConfigurationPlatforms) = preSolution
		Debug|Any CPU = Debug|Any CPU
		Release|Any CPU = Release|Any CPU
	EndGlobalSection
	GlobalSection(ProjectConfigurationPlatforms) = postSolution
		{B987B1D3-2222-49B3-9071-0DD0EA235844}.Debug|Any CPU.ActiveCfg = Debug|Any CPU
		{B987B1D3-2222-49B3-9071-0DD0EA235844}.Debug|Any CPU.Build.0 = Debug|Any CPU
		{B987B1D3-2222-49B3-9071-0DD0EA235844}.Release|Any CPU.ActiveCfg = Release|Any CPU
		{B987B1D3-2222-49B3-9071-0DD0EA235844}.Release|Any CPU.Build.0 = Release|Any CPU
	EndGlobalSection
	GlobalSection(SolutionProperties) = preSolution
		HideSolutionNode = FALSE
	EndGlobalSection
	GlobalSection(ExtensibilityGlobals) = postSolution
		SolutionGuid = {55C5CAF2-0D67-4F7C-B40A-6C02A371111E}
	EndGlobalSection
EndGlobal
